// !$*UTF8*$!
{
	archiveVersion = 1;
	classes = {
	};
	objectVersion = 56;
	objects = {

/* Begin PBXBuildFile section */
		BLDG00000000000000000001 /* prometheus_appApp.swift in Sources */ = {isa = PBXBuildFile; fileRef = FILE00000000000000000001 /* prometheus_appApp.swift */; };
		BLDG00000000000000000002 /* ContentView.swift in Sources */ = {isa = PBXBuildFile; fileRef = FILE00000000000000000002 /* ContentView.swift */; };
		BLDG00000000000000000003 /* MonitorView.swift in Sources */ = {isa = PBXBuildFile; fileRef = FILE00000000000000000003 /* MonitorView.swift */; };
		BLDG00000000000000000004 /* AssistantView.swift in Sources */ = {isa = PBXBuildFile; fileRef = FILE00000000000000000004 /* AssistantView.swift */; };
		BLDG00000000000000000005 /* ChatModels.swift in Sources */ = {isa = PBXBuildFile; fileRef = FILE00000000000000000005 /* ChatModels.swift */; };
		BLDG00000000000000000006 /* VisionView.swift in Sources */ = {isa = PBXBuildFile; fileRef = FILE00000000000000000006 /* VisionView.swift */; };
		BLDG00000000000000000007 /* MapView.swift in Sources */ = {isa = PBXBuildFile; fileRef = FILE00000000000000000007 /* MapView.swift */; };
		BLDG00000000000000000008 /* BackgroundView.swift in Sources */ = {isa = PBXBuildFile; fileRef = FILE00000000000000000008 /* BackgroundView.swift */; };
		BLDG00000000000000000009 /* Theme.swift in Sources */ = {isa = PBXBuildFile; fileRef = FILE00000000000000000009 /* Theme.swift */; };
		BLDG0000000000000000000A /* InferenceManager.swift in Sources */ = {isa = PBXBuildFile; fileRef = FILE0000000000000000000A /* InferenceManager.swift */; };
		BLDG0000000000000000000C /* Assets.xcassets in Resources */ = {isa = PBXBuildFile; fileRef = FILE0000000000000000000C /* Assets.xcassets */; };
/* End PBXBuildFile section */

/* Begin PBXFileReference section */
		FILE00000000000000000001 /* prometheus_appApp.swift */ = {isa = PBXFileReference; lastKnownFileType = sourcecode.swift; path = prometheus_appApp.swift; sourceTree = "<group>"; };
		FILE00000000000000000002 /* ContentView.swift */ = {isa = PBXFileReference; lastKnownFileType = sourcecode.swift; path = ContentView.swift; sourceTree = "<group>"; };
		FILE00000000000000000003 /* MonitorView.swift */ = {isa = PBXFileReference; lastKnownFileType = sourcecode.swift; path = MonitorView.swift; sourceTree = "<group>"; };
		FILE00000000000000000004 /* AssistantView.swift */ = {isa = PBXFileReference; lastKnownFileType = sourcecode.swift; path = AssistantView.swift; sourceTree = "<group>"; };
		FILE00000000000000000005 /* ChatModels.swift */ = {isa = PBXFileReference; lastKnownFileType = sourcecode.swift; path = ChatModels.swift; sourceTree = "<group>"; };
		FILE00000000000000000006 /* VisionView.swift */ = {isa = PBXFileReference; lastKnownFileType = sourcecode.swift; path = VisionView.swift; sourceTree = "<group>"; };
		FILE00000000000000000007 /* MapView.swift */ = {isa = PBXFileReference; lastKnownFileType = sourcecode.swift; path = MapView.swift; sourceTree = "<group>"; };
		FILE00000000000000000008 /* BackgroundView.swift */ = {isa = PBXFileReference; lastKnownFileType = sourcecode.swift; path = BackgroundView.swift; sourceTree = "<group>"; };
		FILE00000000000000000009 /* Theme.swift */ = {isa = PBXFileReference; lastKnownFileType = sourcecode.swift; path = Theme.swift; sourceTree = "<group>"; };
		FILE0000000000000000000A /* InferenceManager.swift */ = {isa = PBXFileReference; lastKnownFileType = sourcecode.swift; path = InferenceManager.swift; sourceTree = "<group>"; };
		FILE0000000000000000000B /* Info.plist */ = {isa = PBXFileReference; lastKnownFileType = text.plist.xml; path = Info.plist; sourceTree = "<group>"; };
		FILE0000000000000000000C /* Assets.xcassets */ = {isa = PBXFileReference; lastKnownFileType = folder.assetcatalog; path = Assets.xcassets; sourceTree = "<group>"; };
		PROD00000000000000000001 /* Prometheus.app */ = {isa = PBXFileReference; explicitFileType = wrapper.application; includeInIndex = 0; path = Prometheus.app; sourceTree = BUILT_PRODUCTS_DIR; };
/* End PBXFileReference section */

/* Begin PBXFrameworksBuildPhase section */
		BLDP00000000000000000002 /* Frameworks */ = {
			isa = PBXFrameworksBuildPhase;
			buildActionMask = 2147483647;
			files = (
			);
			runOnlyForDeploymentPostprocessing = 0;
		};
/* End PBXFrameworksBuildPhase section */

/* Begin PBXGroup section */
		GRUP00000000000000000001 = {
			isa = PBXGroup;
			children = (
				GRUP00000000000000000002 /* iosApp */,
				GRUP00000000000000000004 /* Frameworks */,
				GRUP00000000000000000003 /* Products */,
			);
			sourceTree = "<group>";
		};
		GRUP00000000000000000002 /* iosApp */ = {
			isa = PBXGroup;
			children = (
				FILE00000000000000000001 /* prometheus_appApp.swift */,
				FILE00000000000000000002 /* ContentView.swift */,
				FILE00000000000000000003 /* MonitorView.swift */,
				FILE00000000000000000004 /* AssistantView.swift */,
				FILE00000000000000000005 /* ChatModels.swift */,
				FILE00000000000000000006 /* VisionView.swift */,
				FILE00000000000000000007 /* MapView.swift */,
				FILE00000000000000000008 /* BackgroundView.swift */,
				FILE00000000000000000009 /* Theme.swift */,
				FILE0000000000000000000A /* InferenceManager.swift */,
				FILE0000000000000000000C /* Assets.xcassets */,
				FILE0000000000000000000B /* Info.plist */,
			);
			path = iosApp;
			sourceTree = "<group>";
		};
		GRUP00000000000000000003 /* Products */ = {
			isa = PBXGroup;
			children = (
				PROD00000000000000000001 /* Prometheus.app */,
			);
			name = Products;
			sourceTree = "<group>";
		};
		GRUP00000000000000000004 /* Frameworks */ = {
			isa = PBXGroup;
			children = (
			);
			name = Frameworks;
			sourceTree = "<group>";
		};
/* End PBXGroup section */

/* Begin PBXNativeTarget section */
		TARG00000000000000000001 /* iosApp */ = {
			isa = PBXNativeTarget;
			buildConfigurationList = CLST00000000000000000002 /* Build configuration list for PBXNativeTarget "iosApp" */;
			buildPhases = (
				BLDP00000000000000000004 /* Build KMP Shared Framework */,
				BLDP00000000000000000001 /* Sources */,
				BLDP00000000000000000002 /* Frameworks */,
				BLDP00000000000000000003 /* Resources */,
			);
			buildRules = (
			);
			dependencies = (
			);
			name = iosApp;
			productName = iosApp;
			productReference = PROD00000000000000000001 /* Prometheus.app */;
			productType = "com.apple.product-type.application";
		};
/* End PBXNativeTarget section */

/* Begin PBXProject section */
		PROJ00000000000000000001 /* Project object */ = {
			isa = PBXProject;
			attributes = {
				BuildIndependentTargetsInParallel = 1;
				LastSwiftUpdateCheck = 1600;
				LastUpgradeCheck = 1600;
			};
			buildConfigurationList = CLST00000000000000000001 /* Build configuration list for PBXProject "iosApp" */;
			compatibilityVersion = "Xcode 14.0";
			developmentRegion = en;
			hasScannedForEncodings = 0;
			knownRegions = (
				en,
				Base,
			);
			mainGroup = GRUP00000000000000000001;
			productRefGroup = GRUP00000000000000000003 /* Products */;
			projectDirPath = "";
			projectRoot = "";
			targets = (
				TARG00000000000000000001 /* iosApp */,
			);
		};
/* End PBXProject section */

/* Begin PBXResourcesBuildPhase section */
		BLDP00000000000000000003 /* Resources */ = {
			isa = PBXResourcesBuildPhase;
			buildActionMask = 2147483647;
			files = (
				BLDG0000000000000000000C /* Assets.xcassets in Resources */,
			);
			runOnlyForDeploymentPostprocessing = 0;
		};
/* End PBXResourcesBuildPhase section */

/* Begin PBXShellScriptBuildPhase section */
		BLDP00000000000000000004 /* Build KMP Shared Framework */ = {
			isa = PBXShellScriptBuildPhase;
			buildActionMask = 2147483647;
			files = (
			);
			inputFileListPaths = (
			);
			inputPaths = (
			);
			name = "Build KMP Shared Framework";
			outputFileListPaths = (
			);
			outputPaths = (
			);
			runOnlyForDeploymentPostprocessing = 0;
			shellPath = /bin/sh;
			shellScript = "export JAVA_HOME=$(/usr/libexec/java_home 2>/dev/null || echo /Library/Java/JavaVirtualMachines/temurin-17.jdk/Contents/Home)\nexport PATH=\"$JAVA_HOME/bin:/opt/homebrew/bin:/usr/local/bin:$PATH\"\ncd \"$SRCROOT/..\"\n./gradlew :shared:embedAndSignAppleFrameworkForXcode\n";
		};
/* End PBXShellScriptBuildPhase section */

/* Begin PBXSourcesBuildPhase section */
		BLDP00000000000000000001 /* Sources */ = {
			isa = PBXSourcesBuildPhase;
			buildActionMask = 2147483647;
			files = (
				BLDG00000000000000000001 /* prometheus_appApp.swift in Sources */,
				BLDG00000000000000000002 /* ContentView.swift in Sources */,
				BLDG00000000000000000003 /* MonitorView.swift in Sources */,
				BLDG00000000000000000004 /* AssistantView.swift in Sources */,
				BLDG00000000000000000005 /* ChatModels.swift in Sources */,
				BLDG00000000000000000006 /* VisionView.swift in Sources */,
				BLDG00000000000000000007 /* MapView.swift in Sources */,
				BLDG00000000000000000008 /* BackgroundView.swift in Sources */,
				BLDG00000000000000000009 /* Theme.swift in Sources */,
				BLDG0000000000000000000A /* InferenceManager.swift in Sources */,
			);
			runOnlyForDeploymentPostprocessing = 0;
		};
/* End PBXSourcesBuildPhase section */

/* Begin XCBuildConfiguration section */
		CONF00000000000000000001 /* Debug */ = {
			isa = XCBuildConfiguration;
			buildSettings = {
				ALWAYS_SEARCH_USER_PATHS = NO;
				CLANG_ANALYZER_NONNULL = YES;
				CLANG_CXX_LANGUAGE_STANDARD = "gnu++20";
				CLANG_ENABLE_MODULES = YES;
				CLANG_ENABLE_OBJC_ARC = YES;
				COPY_PHASE_STRIP = NO;
				DEBUG_INFORMATION_FORMAT = dwarf;
				ENABLE_STRICT_OBJC_MSGSEND = YES;
				ENABLE_TESTABILITY = YES;
				GCC_DYNAMIC_NO_PIC = NO;
				GCC_OPTIMIZATION_LEVEL = 0;
				GCC_PREPROCESSOR_DEFINITIONS = (
					"DEBUG=1",
					"$(inherited)",
				);
				IPHONEOS_DEPLOYMENT_TARGET = 17.0;
				MTL_ENABLE_DEBUG_INFO = INCLUDE_SOURCE;
				ONLY_ACTIVE_ARCH = YES;
				SDKROOT = iphoneos;
				SWIFT_ACTIVE_COMPILATION_CONDITIONS = DEBUG;
				SWIFT_OPTIMIZATION_LEVEL = "-Onone";
			};
			name = Debug;
		};
		CONF00000000000000000002 /* Release */ = {
			isa = XCBuildConfiguration;
			buildSettings = {
				ALWAYS_SEARCH_USER_PATHS = NO;
				CLANG_ANALYZER_NONNULL = YES;
				CLANG_CXX_LANGUAGE_STANDARD = "gnu++20";
				CLANG_ENABLE_MODULES = YES;
				CLANG_ENABLE_OBJC_ARC = YES;
				COPY_PHASE_STRIP = NO;
				DEBUG_INFORMATION_FORMAT = "dwarf-with-dsym";
				ENABLE_NS_ASSERTIONS = NO;
				ENABLE_STRICT_OBJC_MSGSEND = YES;
				GCC_OPTIMIZATION_LEVEL = s;
				IPHONEOS_DEPLOYMENT_TARGET = 17.0;
				MTL_ENABLE_DEBUG_INFO = NO;
				SDKROOT = iphoneos;
				SWIFT_COMPILATION_MODE = wholemodule;
				SWIFT_OPTIMIZATION_LEVEL = "-O";
				VALIDATE_PRODUCT = YES;
			};
			name = Release;
		};
		CONF00000000000000000003 /* Debug */ = {
			isa = XCBuildConfiguration;
			buildSettings = {
				ASSETCATALOG_COMPILER_APPICON_NAME = AppIcon;
				ASSETCATALOG_COMPILER_GLOBAL_ACCENT_COLOR_NAME = AccentColor;
				CODE_SIGN_STYLE = Automatic;
				CURRENT_PROJECT_VERSION = 1;
				DEVELOPMENT_TEAM = 96F6YLPKVY;
				ENABLE_PREVIEWS = YES;
				FRAMEWORK_SEARCH_PATHS = (
					"$(inherited)",
					"$(SRCROOT)/../shared/build/xcode-frameworks/$(CONFIGURATION)/$(SDK_NAME)",
				);
				GENERATE_INFOPLIST_FILE = YES;
				INFOPLIST_FILE = iosApp/Info.plist;
				INFOPLIST_KEY_UIApplicationSceneManifest_Generation = YES;
				INFOPLIST_KEY_UIApplicationSupportsIndirectInputEvents = YES;
				INFOPLIST_KEY_UILaunchScreen_Generation = YES;
				INFOPLIST_KEY_UISupportedInterfaceOrientations = UIInterfaceOrientationPortrait;
				LD_RUNPATH_SEARCH_PATHS = (
					"$(inherited)",
					"@executable_path/Frameworks",
				);
				MARKETING_VERSION = 2.4.0;
				OTHER_LDFLAGS = (
					"$(inherited)",
					"-framework",
					shared,
				);
				PRODUCT_BUNDLE_IDENTIFIER = com.prometheus.ios;
				PRODUCT_NAME = Prometheus;
				SWIFT_EMIT_LOC_STRINGS = YES;
				SWIFT_VERSION = 5.0;
				TARGETED_DEVICE_FAMILY = "1,2";
			};
			name = Debug;
		};
		CONF00000000000000000004 /* Release */ = {
			isa = XCBuildConfiguration;
			buildSettings = {
				ASSETCATALOG_COMPILER_APPICON_NAME = AppIcon;
				ASSETCATALOG_COMPILER_GLOBAL_ACCENT_COLOR_NAME = AccentColor;
				CODE_SIGN_STYLE = Automatic;
				CURRENT_PROJECT_VERSION = 1;
				DEVELOPMENT_TEAM = 96F6YLPKVY;
				ENABLE_PREVIEWS = YES;
				FRAMEWORK_SEARCH_PATHS = (
					"$(inherited)",
					"$(SRCROOT)/../shared/build/xcode-frameworks/$(CONFIGURATION)/$(SDK_NAME)",
				);
				GENERATE_INFOPLIST_FILE = YES;
				INFOPLIST_FILE = iosApp/Info.plist;
				INFOPLIST_KEY_UIApplicationSceneManifest_Generation = YES;
				INFOPLIST_KEY_UIApplicationSupportsIndirectInputEvents = YES;
				INFOPLIST_KEY_UILaunchScreen_Generation = YES;
				INFOPLIST_KEY_UISupportedInterfaceOrientations = UIInterfaceOrientationPortrait;
				LD_RUNPATH_SEARCH_PATHS = (
					"$(inherited)",
					"@executable_path/Frameworks",
				);
				MARKETING_VERSION = 2.4.0;
				OTHER_LDFLAGS = (
					"$(inherited)",
					"-framework",
					shared,
				);
				PRODUCT_BUNDLE_IDENTIFIER = com.prometheus.ios;
				PRODUCT_NAME = Prometheus;
				SWIFT_EMIT_LOC_STRINGS = YES;
				SWIFT_VERSION = 5.0;
				TARGETED_DEVICE_FAMILY = "1,2";
			};
			name = Release;
		};
/* End XCBuildConfiguration section */

/* Begin XCConfigurationList section */
		CLST00000000000000000001 /* Build configuration list for PBXProject "iosApp" */ = {
			isa = XCConfigurationList;
			buildConfigurations = (
				CONF00000000000000000001 /* Debug */,
				CONF00000000000000000002 /* Release */,
			);
			defaultConfigurationIsVisible = 0;
			defaultConfigurationName = Release;
		};
		CLST00000000000000000002 /* Build configuration list for PBXNativeTarget "iosApp" */ = {
			isa = XCConfigurationList;
			buildConfigurations = (
				CONF00000000000000000003 /* Debug */,
				CONF00000000000000000004 /* Release */,
			);
			defaultConfigurationIsVisible = 0;
			defaultConfigurationName = Release;
		};
/* End XCConfigurationList section */
	};
	rootObject = PROJ00000000000000000001 /* Project object */;
}
